// !$*UTF8*$!
{
	archiveVersion = 1;
	classes = {
	};
	objectVersion = 50;
	objects = {

/* Begin PBXBuildFile section */
		CCF28DC822DCB97600D2EE6A /* AppDelegate.swift in Sources */ = {isa = PBXBuildFile; fileRef = CCF28DC722DCB97600D2EE6A /* AppDelegate.swift */; };
		CCF28DCA22DCB97600D2EE6A /* ViewController.swift in Sources */ = {isa = PBXBuildFile; fileRef = CCF28DC922DCB97600D2EE6A /* ViewController.swift */; };
		CCF28DCD22DCB97600D2EE6A /* Main.storyboard in Resources */ = {isa = PBXBuildFile; fileRef = CCF28DCB22DCB97600D2EE6A /* Main.storyboard */; };
		CCF28DD022DCB97600D2EE6A /* Git_test.xcdatamodeld in Sources */ = {isa = PBXBuildFile; fileRef = CCF28DCE22DCB97600D2EE6A /* Git_test.xcdatamodeld */; };
		CCF28DD222DCB97800D2EE6A /* Assets.xcassets in Resources */ = {isa = PBXBuildFile; fileRef = CCF28DD122DCB97800D2EE6A /* Assets.xcassets */; };
		CCF28DD522DCB97800D2EE6A /* LaunchScreen.storyboard in Resources */ = {isa = PBXBuildFile; fileRef = CCF28DD322DCB97800D2EE6A /* LaunchScreen.storyboard */; };
/* End PBXBuildFile section */

/* Begin PBXFileReference section */
		CCF28DC422DCB97600D2EE6A /* Git test.app */ = {isa = PBXFileReference; explicitFileType = wrapper.application; includeInIndex = 0; path = "Git test.app"; sourceTree = BUILT_PRODUCTS_DIR; };
		CCF28DC722DCB97600D2EE6A /* AppDelegate.swift */ = {isa = PBXFileReference; lastKnownFileType = sourcecode.swift; path = AppDelegate.swift; sourceTree = "<group>"; };
		CCF28DC922DCB97600D2EE6A /* ViewController.swift */ = {isa = PBXFileReference; lastKnownFileType = sourcecode.swift; path = ViewController.swift; sourceTree = "<group>"; };
		CCF28DCC22DCB97600D2EE6A /* Base */ = {isa = PBXFileReference; lastKnownFileType = file.storyboard; name = Base; path = Base.lproj/Main.storyboard; sourceTree = "<group>"; };
		CCF28DCF22DCB97600D2EE6A /* Git_test.xcdatamodel */ = {isa = PBXFileReference; lastKnownFileType = wrapper.xcdatamodel; path = Git_test.xcdatamodel; sourceTree = "<group>"; };
		CCF28DD122DCB97800D2EE6A /* Assets.xcassets */ = {isa = PBXFileReference; lastKnownFileType = folder.assetcatalog; path = Assets.xcassets; sourceTree = "<group>"; };
		CCF28DD422DCB97800D2EE6A /* Base */ = {isa = PBXFileReference; lastKnownFileType = file.storyboard; name = Base; path = Base.lproj/LaunchScreen.storyboard; sourceTree = "<group>"; };
		CCF28DD622DCB97800D2EE6A /* Info.plist */ = {isa = PBXFileReference; lastKnownFileType = text.plist.xml; path = Info.plist; sourceTree = "<group>"; };
/* End PBXFileReference section */

/* Begin PBXFrameworksBuildPhase section */
		CCF28DC122DCB97600D2EE6A /* Frameworks */ = {
			isa = PBXFrameworksBuildPhase;
			buildActionMask = 2147483647;
			files = (
			);
			runOnlyForDeploymentPostprocessing = 0;
		};
/* End PBXFrameworksBuildPhase section */

/* Begin PBXGroup section */
		CCF28DBB22DCB97500D2EE6A = {
			isa = PBXGroup;
			children = (
				CCF28DC622DCB97600D2EE6A /* Git test */,
				CCF28DC522DCB97600D2EE6A /* Products */,
			);
			sourceTree = "<group>";
		};
		CCF28DC522DCB97600D2EE6A /* Products */ = {
			isa = PBXGroup;
			children = (
				CCF28DC422DCB97600D2EE6A /* Git test.app */,
			);
			name = Products;
			sourceTree = "<group>";
		};
		CCF28DC622DCB97600D2EE6A /* Git test */ = {
			isa = PBXGroup;
			children = (
				CCF28DC722DCB97600D2EE6A /* AppDelegate.swift */,
				CCF28DC922DCB97600D2EE6A /* ViewController.swift */,
				CCF28DCB22DCB97600D2EE6A /* Main.storyboard */,
				CCF28DD122DCB97800D2EE6A /* Assets.xcassets */,
				CCF28DD322DCB97800D2EE6A /* LaunchScreen.storyboard */,
				CCF28DD622DCB97800D2EE6A /* Info.plist */,
				CCF28DCE22DCB97600D2EE6A /* Git_test.xcdatamodeld */,
			);
			path = "Git test";
			sourceTree = "<group>";
		};
/* End PBXGroup section */

/* Begin PBXNativeTarget section */
		CCF28DC322DCB97600D2EE6A /* Git test */ = {
			isa = PBXNativeTarget;
			buildConfigurationList = CCF28DD922DCB97800D2EE6A /* Build configuration list for PBXNativeTarget "Git test" */;
			buildPhases = (
				CCF28DC022DCB97600D2EE6A /* Sources */,
				CCF28DC122DCB97600D2EE6A /* Frameworks */,
				CCF28DC222DCB97600D2EE6A /* Resources */,
			);
			buildRules = (
			);
			dependencies = (
			);
			name = "Git test";
			productName = "Git test";
			productReference = CCF28DC422DCB97600D2EE6A /* Git test.app */;
			productType = "com.apple.product-type.application";
		};
/* End PBXNativeTarget section */

/* Begin PBXProject section */
		CCF28DBC22DCB97500D2EE6A /* Project object */ = {
			isa = PBXProject;
			attributes = {
				LastSwiftUpdateCheck = 1010;
				LastUpgradeCheck = 1010;
				ORGANIZATIONNAME = "Girls Who Code";
				TargetAttributes = {
					CCF28DC322DCB97600D2EE6A = {
						CreatedOnToolsVersion = 10.1;
					};
				};
			};
			buildConfigurationList = CCF28DBF22DCB97500D2EE6A /* Build configuration list for PBXProject "Git test" */;
			compatibilityVersion = "Xcode 9.3";
			developmentRegion = en;
			hasScannedForEncodings = 0;
			knownRegions = (
				en,
				Base,
			);
			mainGroup = CCF28DBB22DCB97500D2EE6A;
			productRefGroup = CCF28DC522DCB97600D2EE6A /* Products */;
			projectDirPath = "";
			projectRoot = "";
			targets = (
				CCF28DC322DCB97600D2EE6A /* Git test */,
			);
		};
/* End PBXProject section */

/* Begin PBXResourcesBuildPhase section */
		CCF28DC222DCB97600D2EE6A /* Resources */ = {
			isa = PBXResourcesBuildPhase;
			buildActionMask = 2147483647;
			files = (
				CCF28DD522DCB97800D2EE6A /* LaunchScreen.storyboard in Resources */,
				CCF28DD222DCB97800D2EE6A /* Assets.xcassets in Resources */,
				CCF28DCD22DCB97600D2EE6A /* Main.storyboard in Resources */,
			);
			runOnlyForDeploymentPostprocessing = 0;
		};
/* End PBXResourcesBuildPhase section */

/* Begin PBXSourcesBuildPhase section */
		CCF28DC022DCB97600D2EE6A /* Sources */ = {
			isa = PBXSourcesBuildPhase;
			buildActionMask = 2147483647;
			files = (
				CCF28DD022DCB97600D2EE6A /* Git_test.xcdatamodeld in Sources */,
				CCF28DCA22DCB97600D2EE6A /* ViewController.swift in Sources */,
				CCF28DC822DCB97600D2EE6A /* AppDelegate.swift in Sources */,
			);
			runOnlyForDeploymentPostprocessing = 0;
		};
/* End PBXSourcesBuildPhase section */

/* Begin PBXVariantGroup section */
		CCF28DCB22DCB97600D2EE6A /* Main.storyboard */ = {
			isa = PBXVariantGroup;
			children = (
				CCF28DCC22DCB97600D2EE6A /* Base */,
			);
			name = Main.storyboard;
			sourceTree = "<group>";
		};
		CCF28DD322DCB97800D2EE6A /* LaunchScreen.storyboard */ = {
			isa = PBXVariantGroup;
			children = (
				CCF28DD422DCB97800D2EE6A /* Base */,
			);
			name = LaunchScreen.storyboard;
			sourceTree = "<group>";
		};
/* End PBXVariantGroup section */

/* Begin XCBuildConfiguration section */
		CCF28DD722DCB97800D2EE6A /* Debug */ = {
			isa = XCBuildConfiguration;
			buildSettings = {
				ALWAYS_SEARCH_USER_PATHS = NO;
				CLANG_ANALYZER_NONNULL = YES;
				CLANG_ANALYZER_NUMBER_OBJECT_CONVERSION = YES_AGGRESSIVE;
				CLANG_CXX_LANGUAGE_STANDARD = "gnu++14";
				CLANG_CXX_LIBRARY = "libc++";
				CLANG_ENABLE_MODULES = YES;
				CLANG_ENABLE_OBJC_ARC = YES;
				CLANG_ENABLE_OBJC_WEAK = YES;
				CLANG_WARN_BLOCK_CAPTURE_AUTORELEASING = YES;
				CLANG_WARN_BOOL_CONVERSION = YES;
				CLANG_WARN_COMMA = YES;
				CLANG_WARN_CONSTANT_CONVERSION = YES;
				CLANG_WARN_DEPRECATED_OBJC_IMPLEMENTATIONS = YES;
				CLANG_WARN_DIRECT_OBJC_ISA_USAGE = YES_ERROR;
				CLANG_WARN_DOCUMENTATION_COMMENTS = YES;
				CLANG_WARN_EMPTY_BODY = YES;
				CLANG_WARN_ENUM_CONVERSION = YES;
				CLANG_WARN_INFINITE_RECURSION = YES;
				CLANG_WARN_INT_CONVERSION = YES;
				CLANG_WARN_NON_LITERAL_NULL_CONVERSION = YES;
				CLANG_WARN_OBJC_IMPLICIT_RETAIN_SELF = YES;
				CLANG_WARN_OBJC_LITERAL_CONVERSION = YES;
				CLANG_WARN_OBJC_ROOT_CLASS = YES_ERROR;
				CLANG_WARN_RANGE_LOOP_ANALYSIS = YES;
				CLANG_WARN_STRICT_PROTOTYPES = YES;
				CLANG_WARN_SUSPICIOUS_MOVE = YES;
				CLANG_WARN_UNGUARDED_AVAILABILITY = YES_AGGRESSIVE;
				CLANG_WARN_UNREACHABLE_CODE = YES;
				CLANG_WARN__DUPLICATE_METHOD_MATCH = YES;
				CODE_SIGN_IDENTITY = "iPhone Developer";
				COPY_PHASE_STRIP = NO;
				DEBUG_INFORMATION_FORMAT = dwarf;
				ENABLE_STRICT_OBJC_MSGSEND = YES;
				ENABLE_TESTABILITY = YES;
				GCC_C_LANGUAGE_STANDARD = gnu11;
				GCC_DYNAMIC_NO_PIC = NO;
				GCC_NO_COMMON_BLOCKS = YES;
				GCC_OPTIMIZATION_LEVEL = 0;
				GCC_PREPROCESSOR_DEFINITIONS = (
					"DEBUG=1",
					"$(inherited)",
				);
				GCC_WARN_64_TO_32_BIT_CONVERSION = YES;
				GCC_WARN_ABOUT_RETURN_TYPE = YES_ERROR;
				GCC_WARN_UNDECLARED_SELECTOR = YES;
				GCC_WARN_UNINITIALIZED_AUTOS = YES_AGGRESSIVE;
				GCC_WARN_UNUSED_FUNCTION = YES;
				GCC_WARN_UNUSED_VARIABLE = YES;
				IPHONEOS_DEPLOYMENT_TARGET = 12.1;
				MTL_ENABLE_DEBUG_INFO = INCLUDE_SOURCE;
				MTL_FAST_MATH = YES;
				ONLY_ACTIVE_ARCH = YES;
				SDKROOT = iphoneos;
				SWIFT_ACTIVE_COMPILATION_CONDITIONS = DEBUG;
				SWIFT_OPTIMIZATION_LEVEL = "-Onone";
			};
			name = Debug;
		};
		CCF28DD822DCB97800D2EE6A /* Release */ = {
			isa = XCBuildConfiguration;
			buildSettings = {
				ALWAYS_SEARCH_USER_PATHS = NO;
				CLANG_ANALYZER_NONNULL = YES;
				CLANG_ANALYZER_NUMBER_OBJECT_CONVERSION = YES_AGGRESSIVE;
				CLANG_CXX_LANGUAGE_STANDARD = "gnu++14";
				CLANG_CXX_LIBRARY = "libc++";
				CLANG_ENABLE_MODULES = YES;
				CLANG_ENABLE_OBJC_ARC = YES;
				CLANG_ENABLE_OBJC_WEAK = YES;
				CLANG_WARN_BLOCK_CAPTURE_AUTORELEASING = YES;
				CLANG_WARN_BOOL_CONVERSION = YES;
				CLANG_WARN_COMMA = YES;
				CLANG_WARN_CONSTANT_CONVERSION = YES;
				CLANG_WARN_DEPRECATED_OBJC_IMPLEMENTATIONS = YES;
				CLANG_WARN_DIRECT_OBJC_ISA_USAGE = YES_ERROR;
				CLANG_WARN_DOCUMENTATION_COMMENTS = YES;
				CLANG_WARN_EMPTY_BODY = YES;
				CLANG_WARN_ENUM_CONVERSION = YES;
				CLANG_WARN_INFINITE_RECURSION = YES;
				CLANG_WARN_INT_CONVERSION = YES;
				CLANG_WARN_NON_LITERAL_NULL_CONVERSION = YES;
				CLANG_WARN_OBJC_IMPLICIT_RETAIN_SELF = YES;
				CLANG_WARN_OBJC_LITERAL_CONVERSION = YES;
				CLANG_WARN_OBJC_ROOT_CLASS = YES_ERROR;
				CLANG_WARN_RANGE_LOOP_ANALYSIS = YES;
				CLANG_WARN_STRICT_PROTOTYPES = YES;
				CLANG_WARN_SUSPICIOUS_MOVE = YES;
				CLANG_WARN_UNGUARDED_AVAILABILITY = YES_AGGRESSIVE;
				CLANG_WARN_UNREACHABLE_CODE = YES;
				CLANG_WARN__DUPLICATE_METHOD_MATCH = YES;
				CODE_SIGN_IDENTITY = "iPhone Developer";
				COPY_PHASE_STRIP = NO;
				DEBUG_INFORMATION_FORMAT = "dwarf-with-dsym";
				ENABLE_NS_ASSERTIONS = NO;
				ENABLE_STRICT_OBJC_MSGSEND = YES;
				GCC_C_LANGUAGE_STANDARD = gnu11;
				GCC_NO_COMMON_BLOCKS = YES;
				GCC_WARN_64_TO_32_BIT_CONVERSION = YES;
				GCC_WARN_ABOUT_RETURN_TYPE = YES_ERROR;
				GCC_WARN_UNDECLARED_SELECTOR = YES;
				GCC_WARN_UNINITIALIZED_AUTOS = YES_AGGRESSIVE;
				GCC_WARN_UNUSED_FUNCTION = YES;
				GCC_WARN_UNUSED_VARIABLE = YES;
				IPHONEOS_DEPLOYMENT_TARGET = 12.1;
				MTL_ENABLE_DEBUG_INFO = NO;
				MTL_FAST_MATH = YES;
				SDKROOT = iphoneos;
				SWIFT_COMPILATION_MODE = wholemodule;
				SWIFT_OPTIMIZATION_LEVEL = "-O";
				VALIDATE_PRODUCT = YES;
			};
			name = Release;
		};
		CCF28DDA22DCB97800D2EE6A /* Debug */ = {
			isa = XCBuildConfiguration;
			buildSettings = {
				ASSETCATALOG_COMPILER_APPICON_NAME = AppIcon;
				CODE_SIGN_STYLE = Automatic;
				DEVELOPMENT_TEAM = G5UH9RNPND;
				INFOPLIST_FILE = "Git test/Info.plist";
				LD_RUNPATH_SEARCH_PATHS = (
					"$(inherited)",
					"@executable_path/Frameworks",
				);
				PRODUCT_BUNDLE_IDENTIFIER = "CECELIA.Git-test";
				PRODUCT_NAME = "$(TARGET_NAME)";
				SWIFT_VERSION = 4.2;
				TARGETED_DEVICE_FAMILY = "1,2";
			};
			name = Debug;
		};
		CCF28DDB22DCB97800D2EE6A /* Release */ = {
			isa = XCBuildConfiguration;
			buildSettings = {
				ASSETCATALOG_COMPILER_APPICON_NAME = AppIcon;
				CODE_SIGN_STYLE = Automatic;
				DEVELOPMENT_TEAM = G5UH9RNPND;
				INFOPLIST_FILE = "Git test/Info.plist";
				LD_RUNPATH_SEARCH_PATHS = (
					"$(inherited)",
					"@executable_path/Frameworks",
				);
				PRODUCT_BUNDLE_IDENTIFIER = "CECELIA.Git-test";
				PRODUCT_NAME = "$(TARGET_NAME)";
				SWIFT_VERSION = 4.2;
				TARGETED_DEVICE_FAMILY = "1,2";
			};
			name = Release;
		};
/* End XCBuildConfiguration section */

/* Begin XCConfigurationList section */
		CCF28DBF22DCB97500D2EE6A /* Build configuration list for PBXProject "Git test" */ = {
			isa = XCConfigurationList;
			buildConfigurations = (
				CCF28DD722DCB97800D2EE6A /* Debug */,
				CCF28DD822DCB97800D2EE6A /* Release */,
			);
			defaultConfigurationIsVisible = 0;
			defaultConfigurationName = Release;
		};
		CCF28DD922DCB97800D2EE6A /* Build configuration list for PBXNativeTarget "Git test" */ = {
			isa = XCConfigurationList;
			buildConfigurations = (
				CCF28DDA22DCB97800D2EE6A /* Debug */,
				CCF28DDB22DCB97800D2EE6A /* Release */,
			);
			defaultConfigurationIsVisible = 0;
			defaultConfigurationName = Release;
		};
/* End XCConfigurationList section */

/* Begin XCVersionGroup section */
		CCF28DCE22DCB97600D2EE6A /* Git_test.xcdatamodeld */ = {
			isa = XCVersionGroup;
			children = (
				CCF28DCF22DCB97600D2EE6A /* Git_test.xcdatamodel */,
			);
			currentVersion = CCF28DCF22DCB97600D2EE6A /* Git_test.xcdatamodel */;
			path = Git_test.xcdatamodeld;
			sourceTree = "<group>";
			versionGroupType = wrapper.xcdatamodel;
		};
/* End XCVersionGroup section */
	};
	rootObject = CCF28DBC22DCB97500D2EE6A /* Project object */;
}
